
Microsoft Visual Studio Solution File, Format Version 12.00
# Visual Studio Version 17
VisualStudioVersion = 17.8.34511.84
MinimumVisualStudioVersion = 10.0.40219.1
Project("{FAE04EC0-301F-11D3-BF4B-00C04F79EFBC}") = "Labb_1_SQL_ADO__", "Labb_1_SQL_ADO__.csproj", "{B868231A-7C55-4886-8F6F-8E5887FB7675}"
EndProject
Global
	GlobalSection(SolutionConfigurationPlatforms) = preSolution
		Debug|Any CPU = Debug|Any CPU
		Release|Any CPU = Release|Any CPU
	EndGlobalSection
	GlobalSection(ProjectConfigurationPlatforms) = postSolution
		{B868231A-7C55-4886-8F6F-8E5887FB7675}.Debug|Any CPU.ActiveCfg = Debug|Any CPU
		{B868231A-7C55-4886-8F6F-8E5887FB7675}.Debug|Any CPU.Build.0 = Debug|Any CPU
		{B868231A-7C55-4886-8F6F-8E5887FB7675}.Release|Any CPU.ActiveCfg = Release|Any CPU
		{B868231A-7C55-4886-8F6F-8E5887FB7675}.Release|Any CPU.Build.0 = Release|Any CPU
	EndGlobalSection
	GlobalSection(SolutionProperties) = preSolution
		HideSolutionNode = FALSE
	EndGlobalSection
	GlobalSection(ExtensibilityGlobals) = postSolution
		SolutionGuid = {91B2797F-D0ED-4F05-AFF0-B60C89CCBD71}
	EndGlobalSection
EndGlobal
